<?xml version="1.0" encoding="utf-8"?>
<Project ToolsVersion="4.0" xmlns="http://schemas.microsoft.com/developer/msbuild/2003">
  <ItemGroup>
    <ClCompile Include="main.cpp" />
    <ClCompile Include="screen\page\first.h" />
  </ItemGroup>
  <ItemGroup>
    <ClInclude Include="library\function.h" />
    <ClInclude Include="library\global.h" />
    <ClInclude Include="library\music.h" />
    <ClInclude Include="library\view.h" />
    <ClInclude Include="screen\page\index.h" />
    <ClInclude Include="screen\page\map.h" />
  </ItemGroup>
</Project>